
Microsoft Visual Studio Solution File, Format Version 12.00
# Visual Studio Version 17
VisualStudioVersion = 17.0.31919.166
MinimumVisualStudioVersion = 10.0.40219.1
Project("{FAE04EC0-301F-11D3-BF4B-00C04F79EFBC}") = "demoweb911", "demoweb911.csproj", "{F38E9854-EA84-4575-B671-D7E7D44AEA02}"
EndProject
Global
	GlobalSection(SolutionConfigurationPlatforms) = preSolution
		Debug|Any CPU = Debug|Any CPU
		Release|Any CPU = Release|Any CPU
	EndGlobalSection
	GlobalSection(ProjectConfigurationPlatforms) = postSolution
		{F38E9854-EA84-4575-B671-D7E7D44AEA02}.Debug|Any CPU.ActiveCfg = Debug|Any CPU
		{F38E9854-EA84-4575-B671-D7E7D44AEA02}.Debug|Any CPU.Build.0 = Debug|Any CPU
		{F38E9854-EA84-4575-B671-D7E7D44AEA02}.Release|Any CPU.ActiveCfg = Release|Any CPU
		{F38E9854-EA84-4575-B671-D7E7D44AEA02}.Release|Any CPU.Build.0 = Release|Any CPU
	EndGlobalSection
	GlobalSection(SolutionProperties) = preSolution
		HideSolutionNode = FALSE
	EndGlobalSection
	GlobalSection(ExtensibilityGlobals) = postSolution
		SolutionGuid = {309DDA36-30A4-43D1-BAED-412274301939}
	EndGlobalSection
EndGlobal
